
Microsoft Visual Studio Solution File, Format Version 12.00
# Visual Studio Version 16
VisualStudioVersion = 16.0.31313.79
MinimumVisualStudioVersion = 10.0.40219.1
Project("{FAE04EC0-301F-11D3-BF4B-00C04F79EFBC}") = "VolgaYalchikTestovoe", "VolgaYalchikTestovoe\VolgaYalchikTestovoe.csproj", "{BCC91312-332E-42F0-AEEE-D676090ED1BF}"
EndProject
Global
	GlobalSection(SolutionConfigurationPlatforms) = preSolution
		Debug|Any CPU = Debug|Any CPU
		Release|Any CPU = Release|Any CPU
	EndGlobalSection
	GlobalSection(ProjectConfigurationPlatforms) = postSolution
		{BCC91312-332E-42F0-AEEE-D676090ED1BF}.Debug|Any CPU.ActiveCfg = Debug|Any CPU
		{BCC91312-332E-42F0-AEEE-D676090ED1BF}.Debug|Any CPU.Build.0 = Debug|Any CPU
		{BCC91312-332E-42F0-AEEE-D676090ED1BF}.Release|Any CPU.ActiveCfg = Release|Any CPU
		{BCC91312-332E-42F0-AEEE-D676090ED1BF}.Release|Any CPU.Build.0 = Release|Any CPU
	EndGlobalSection
	GlobalSection(SolutionProperties) = preSolution
		HideSolutionNode = FALSE
	EndGlobalSection
	GlobalSection(ExtensibilityGlobals) = postSolution
		SolutionGuid = {2D688931-4686-4BAA-8976-822A5EBE62D5}
	EndGlobalSection
EndGlobal
